
Microsoft Visual Studio Solution File, Format Version 12.00
# Visual Studio Version 16
VisualStudioVersion = 16.0.31005.135
MinimumVisualStudioVersion = 10.0.40219.1
Project("{FAE04EC0-301F-11D3-BF4B-00C04F79EFBC}") = "AnimeQuotes", "AnimeQuotes\AnimeQuotes.csproj", "{AE872AC4-CC1B-4EF9-B782-60FEF1B01613}"
EndProject
Project("{FAE04EC0-301F-11D3-BF4B-00C04F79EFBC}") = "AnimeQuotesBot", "AnimeQuotesBot\AnimeQuotesBot.csproj", "{BB4883E3-A367-4506-AB1D-EA44FF6539B1}"
EndProject
Global
	GlobalSection(SolutionConfigurationPlatforms) = preSolution
		Debug|Any CPU = Debug|Any CPU
		Release|Any CPU = Release|Any CPU
	EndGlobalSection
	GlobalSection(ProjectConfigurationPlatforms) = postSolution
		{AE872AC4-CC1B-4EF9-B782-60FEF1B01613}.Debug|Any CPU.ActiveCfg = Debug|Any CPU
		{AE872AC4-CC1B-4EF9-B782-60FEF1B01613}.Debug|Any CPU.Build.0 = Debug|Any CPU
		{AE872AC4-CC1B-4EF9-B782-60FEF1B01613}.Release|Any CPU.ActiveCfg = Release|Any CPU
		{AE872AC4-CC1B-4EF9-B782-60FEF1B01613}.Release|Any CPU.Build.0 = Release|Any CPU
		{BB4883E3-A367-4506-AB1D-EA44FF6539B1}.Debug|Any CPU.ActiveCfg = Debug|Any CPU
		{BB4883E3-A367-4506-AB1D-EA44FF6539B1}.Debug|Any CPU.Build.0 = Debug|Any CPU
		{BB4883E3-A367-4506-AB1D-EA44FF6539B1}.Release|Any CPU.ActiveCfg = Release|Any CPU
		{BB4883E3-A367-4506-AB1D-EA44FF6539B1}.Release|Any CPU.Build.0 = Release|Any CPU
	EndGlobalSection
	GlobalSection(SolutionProperties) = preSolution
		HideSolutionNode = FALSE
	EndGlobalSection
	GlobalSection(ExtensibilityGlobals) = postSolution
		SolutionGuid = {94275034-61E7-4160-BDDF-4FE96AC46697}
	EndGlobalSection
EndGlobal
